
Microsoft Visual Studio Solution File, Format Version 12.00
# Visual Studio Version 17
VisualStudioVersion = 17.5.33424.131
MinimumVisualStudioVersion = 10.0.40219.1
Project("{FAE04EC0-301F-11D3-BF4B-00C04F79EFBC}") = "CSharpPerfromance", "CSharpPerfromance\CSharpPerfromance.csproj", "{2386F4C1-7F42-4F11-B20E-4559AF440653}"
EndProject
Global
	GlobalSection(SolutionConfigurationPlatforms) = preSolution
		Debug|Any CPU = Debug|Any CPU
		Release|Any CPU = Release|Any CPU
	EndGlobalSection
	GlobalSection(ProjectConfigurationPlatforms) = postSolution
		{2386F4C1-7F42-4F11-B20E-4559AF440653}.Debug|Any CPU.ActiveCfg = Debug|Any CPU
		{2386F4C1-7F42-4F11-B20E-4559AF440653}.Debug|Any CPU.Build.0 = Debug|Any CPU
		{2386F4C1-7F42-4F11-B20E-4559AF440653}.Release|Any CPU.ActiveCfg = Release|Any CPU
		{2386F4C1-7F42-4F11-B20E-4559AF440653}.Release|Any CPU.Build.0 = Release|Any CPU
	EndGlobalSection
	GlobalSection(SolutionProperties) = preSolution
		HideSolutionNode = FALSE
	EndGlobalSection
	GlobalSection(ExtensibilityGlobals) = postSolution
		SolutionGuid = {4AFCC1ED-50AF-484D-9C38-0C93A480A221}
	EndGlobalSection
EndGlobal
